
Microsoft Visual Studio Solution File, Format Version 12.00
# Visual Studio 2013
VisualStudioVersion = 12.0.30110.0
MinimumVisualStudioVersion = 10.0.40219.1
Project("{FAE04EC0-301F-11D3-BF4B-00C04F79EFBC}") = "FeatureTrackingToolExperiment", "FeatureTrackingToolExperiment\FeatureTrackingToolExperiment.csproj", "{ED28411E-818E-4CF9-8AA7-920C76F8FA3F}"
EndProject
Project("{FAE04EC0-301F-11D3-BF4B-00C04F79EFBC}") = "FeatureTrackingToolExperiment.Tests", "FeatureTrackingToolExperiment.Tests\FeatureTrackingToolExperiment.Tests.csproj", "{9D966775-2C69-44D7-9E9F-6BD2CD618709}"
EndProject
Global
	GlobalSection(SolutionConfigurationPlatforms) = preSolution
		Debug|Any CPU = Debug|Any CPU
		Release|Any CPU = Release|Any CPU
	EndGlobalSection
	GlobalSection(ProjectConfigurationPlatforms) = postSolution
		{ED28411E-818E-4CF9-8AA7-920C76F8FA3F}.Debug|Any CPU.ActiveCfg = Debug|Any CPU
		{ED28411E-818E-4CF9-8AA7-920C76F8FA3F}.Debug|Any CPU.Build.0 = Debug|Any CPU
		{ED28411E-818E-4CF9-8AA7-920C76F8FA3F}.Release|Any CPU.ActiveCfg = Release|Any CPU
		{ED28411E-818E-4CF9-8AA7-920C76F8FA3F}.Release|Any CPU.Build.0 = Release|Any CPU
		{9D966775-2C69-44D7-9E9F-6BD2CD618709}.Debug|Any CPU.ActiveCfg = Debug|Any CPU
		{9D966775-2C69-44D7-9E9F-6BD2CD618709}.Debug|Any CPU.Build.0 = Debug|Any CPU
		{9D966775-2C69-44D7-9E9F-6BD2CD618709}.Release|Any CPU.ActiveCfg = Release|Any CPU
		{9D966775-2C69-44D7-9E9F-6BD2CD618709}.Release|Any CPU.Build.0 = Release|Any CPU
	EndGlobalSection
	GlobalSection(SolutionProperties) = preSolution
		HideSolutionNode = FALSE
	EndGlobalSection
EndGlobal
